# This file is @generated by PDM.
# It is not intended for manual editing.

[metadata]
groups = ["default", "lint", "test"]
strategy = ["inherit_metadata"]
lock_version = "4.5.0"
content_hash = "sha256:ed3ee8f1b987b0ca9a35da05cf7eb0dad6b9251c6b578acb886c316a8a6785d5"

[[metadata.targets]]
requires_python = ">=3.10"

[[package]]
name = "colorama"
version = "0.4.6"
requires_python = "!=3.0.*,!=3.1.*,!=3.2.*,!=3.3.*,!=3.4.*,!=3.5.*,!=3.6.*,>=2.7"
summary = "Cross-platform colored terminal text."
groups = ["default", "test"]
marker = "sys_platform == \"win32\" or platform_system == \"Windows\""
files = [
    {file = "colorama-0.4.6-py2.py3-none-any.whl", hash = "sha256:4f1d9991f5acc0ca119f9d443620b77f9d6b33703e51011c16baf57afb285fc6"},
    {file = "colorama-0.4.6.tar.gz", hash = "sha256:08695f5cb7ed6e0531a20572697297273c47b8cae5a63ffc6d6ed5c201be6e44"},
]

[[package]]
name = "coverage"
version = "7.6.4"
requires_python = ">=3.9"
summary = "Code coverage measurement for Python"
groups = ["test"]
files = [
    {file = "coverage-7.6.4-cp310-cp310-macosx_10_9_x86_64.whl", hash = "sha256:5f8ae553cba74085db385d489c7a792ad66f7f9ba2ee85bfa508aeb84cf0ba07"},
    {file = "coverage-7.6.4-cp310-cp310-macosx_11_0_arm64.whl", hash = "sha256:8165b796df0bd42e10527a3f493c592ba494f16ef3c8b531288e3d0d72c1f6f0"},
    {file = "coverage-7.6.4-cp310-cp310-manylinux_2_17_aarch64.manylinux2014_aarch64.whl", hash = "sha256:c7c8b95bf47db6d19096a5e052ffca0a05f335bc63cef281a6e8fe864d450a72"},
    {file = "coverage-7.6.4-cp310-cp310-manylinux_2_5_i686.manylinux1_i686.manylinux_2_17_i686.manylinux2014_i686.whl", hash = "sha256:8ed9281d1b52628e81393f5eaee24a45cbd64965f41857559c2b7ff19385df51"},
    {file = "coverage-7.6.4-cp310-cp310-manylinux_2_5_x86_64.manylinux1_x86_64.manylinux_2_17_x86_64.manylinux2014_x86_64.whl", hash = "sha256:0809082ee480bb8f7416507538243c8863ac74fd8a5d2485c46f0f7499f2b491"},
    {file = "coverage-7.6.4-cp310-cp310-musllinux_1_2_aarch64.whl", hash = "sha256:d541423cdd416b78626b55f123412fcf979d22a2c39fce251b350de38c15c15b"},
    {file = "coverage-7.6.4-cp310-cp310-musllinux_1_2_i686.whl", hash = "sha256:58809e238a8a12a625c70450b48e8767cff9eb67c62e6154a642b21ddf79baea"},
    {file = "coverage-7.6.4-cp310-cp310-musllinux_1_2_x86_64.whl", hash = "sha256:c9b8e184898ed014884ca84c70562b4a82cbc63b044d366fedc68bc2b2f3394a"},
    {file = "coverage-7.6.4-cp310-cp310-win32.whl", hash = "sha256:6bd818b7ea14bc6e1f06e241e8234508b21edf1b242d49831831a9450e2f35fa"},
    {file = "coverage-7.6.4-cp310-cp310-win_amd64.whl", hash = "sha256:06babbb8f4e74b063dbaeb74ad68dfce9186c595a15f11f5d5683f748fa1d172"},
    {file = "coverage-7.6.4-cp311-cp311-macosx_10_9_x86_64.whl", hash = "sha256:73d2b73584446e66ee633eaad1a56aad577c077f46c35ca3283cd687b7715b0b"},
    {file = "coverage-7.6.4-cp311-cp311-macosx_11_0_arm64.whl", hash = "sha256:51b44306032045b383a7a8a2c13878de375117946d68dcb54308111f39775a25"},
    {file = "coverage-7.6.4-cp311-cp311-manylinux_2_17_aarch64.manylinux2014_aarch64.whl", hash = "sha256:0b3fb02fe73bed561fa12d279a417b432e5b50fe03e8d663d61b3d5990f29546"},
    {file = "coverage-7.6.4-cp311-cp311-manylinux_2_5_i686.manylinux1_i686.manylinux_2_17_i686.manylinux2014_i686.whl", hash = "sha256:ed8fe9189d2beb6edc14d3ad19800626e1d9f2d975e436f84e19efb7fa19469b"},
    {file = "coverage-7.6.4-cp311-cp311-manylinux_2_5_x86_64.manylinux1_x86_64.manylinux_2_17_x86_64.manylinux2014_x86_64.whl", hash = "sha256:b369ead6527d025a0fe7bd3864e46dbee3aa8f652d48df6174f8d0bac9e26e0e"},
    {file = "coverage-7.6.4-cp311-cp311-musllinux_1_2_aarch64.whl", hash = "sha256:ade3ca1e5f0ff46b678b66201f7ff477e8fa11fb537f3b55c3f0568fbfe6e718"},
    {file = "coverage-7.6.4-cp311-cp311-musllinux_1_2_i686.whl", hash = "sha256:27fb4a050aaf18772db513091c9c13f6cb94ed40eacdef8dad8411d92d9992db"},
    {file = "coverage-7.6.4-cp311-cp311-musllinux_1_2_x86_64.whl", hash = "sha256:4f704f0998911abf728a7783799444fcbbe8261c4a6c166f667937ae6a8aa522"},
    {file = "coverage-7.6.4-cp311-cp311-win32.whl", hash = "sha256:29155cd511ee058e260db648b6182c419422a0d2e9a4fa44501898cf918866cf"},
    {file = "coverage-7.6.4-cp311-cp311-win_amd64.whl", hash = "sha256:8902dd6a30173d4ef09954bfcb24b5d7b5190cf14a43170e386979651e09ba19"},
    {file = "coverage-7.6.4-cp312-cp312-macosx_10_13_x86_64.whl", hash = "sha256:12394842a3a8affa3ba62b0d4ab7e9e210c5e366fbac3e8b2a68636fb19892c2"},
    {file = "coverage-7.6.4-cp312-cp312-macosx_11_0_arm64.whl", hash = "sha256:2b6b4c83d8e8ea79f27ab80778c19bc037759aea298da4b56621f4474ffeb117"},
    {file = "coverage-7.6.4-cp312-cp312-manylinux_2_17_aarch64.manylinux2014_aarch64.whl", hash = "sha256:1d5b8007f81b88696d06f7df0cb9af0d3b835fe0c8dbf489bad70b45f0e45613"},
    {file = "coverage-7.6.4-cp312-cp312-manylinux_2_5_i686.manylinux1_i686.manylinux_2_17_i686.manylinux2014_i686.whl", hash = "sha256:b57b768feb866f44eeed9f46975f3d6406380275c5ddfe22f531a2bf187eda27"},
    {file = "coverage-7.6.4-cp312-cp312-manylinux_2_5_x86_64.manylinux1_x86_64.manylinux_2_17_x86_64.manylinux2014_x86_64.whl", hash = "sha256:5915fcdec0e54ee229926868e9b08586376cae1f5faa9bbaf8faf3561b393d52"},
    {file = "coverage-7.6.4-cp312-cp312-musllinux_1_2_aarch64.whl", hash = "sha256:0b58c672d14f16ed92a48db984612f5ce3836ae7d72cdd161001cc54512571f2"},
    {file = "coverage-7.6.4-cp312-cp312-musllinux_1_2_i686.whl", hash = "sha256:2fdef0d83a2d08d69b1f2210a93c416d54e14d9eb398f6ab2f0a209433db19e1"},
    {file = "coverage-7.6.4-cp312-cp312-musllinux_1_2_x86_64.whl", hash = "sha256:8cf717ee42012be8c0cb205dbbf18ffa9003c4cbf4ad078db47b95e10748eec5"},
    {file = "coverage-7.6.4-cp312-cp312-win32.whl", hash = "sha256:7bb92c539a624cf86296dd0c68cd5cc286c9eef2d0c3b8b192b604ce9de20a17"},
    {file = "coverage-7.6.4-cp312-cp312-win_amd64.whl", hash = "sha256:1032e178b76a4e2b5b32e19d0fd0abbce4b58e77a1ca695820d10e491fa32b08"},
    {file = "coverage-7.6.4-cp313-cp313-macosx_10_13_x86_64.whl", hash = "sha256:023bf8ee3ec6d35af9c1c6ccc1d18fa69afa1cb29eaac57cb064dbb262a517f9"},
    {file = "coverage-7.6.4-cp313-cp313-macosx_11_0_arm64.whl", hash = "sha256:b0ac3d42cb51c4b12df9c5f0dd2f13a4f24f01943627120ec4d293c9181219ba"},
    {file = "coverage-7.6.4-cp313-cp313-manylinux_2_17_aarch64.manylinux2014_aarch64.whl", hash = "sha256:f8fe4984b431f8621ca53d9380901f62bfb54ff759a1348cd140490ada7b693c"},
    {file = "coverage-7.6.4-cp313-cp313-manylinux_2_5_i686.manylinux1_i686.manylinux_2_17_i686.manylinux2014_i686.whl", hash = "sha256:5fbd612f8a091954a0c8dd4c0b571b973487277d26476f8480bfa4b2a65b5d06"},
    {file = "coverage-7.6.4-cp313-cp313-manylinux_2_5_x86_64.manylinux1_x86_64.manylinux_2_17_x86_64.manylinux2014_x86_64.whl", hash = "sha256:dacbc52de979f2823a819571f2e3a350a7e36b8cb7484cdb1e289bceaf35305f"},
    {file = "coverage-7.6.4-cp313-cp313-musllinux_1_2_aarch64.whl", hash = "sha256:dab4d16dfef34b185032580e2f2f89253d302facba093d5fa9dbe04f569c4f4b"},
    {file = "coverage-7.6.4-cp313-cp313-musllinux_1_2_i686.whl", hash = "sha256:862264b12ebb65ad8d863d51f17758b1684560b66ab02770d4f0baf2ff75da21"},
    {file = "coverage-7.6.4-cp313-cp313-musllinux_1_2_x86_64.whl", hash = "sha256:5beb1ee382ad32afe424097de57134175fea3faf847b9af002cc7895be4e2a5a"},
    {file = "coverage-7.6.4-cp313-cp313-win32.whl", hash = "sha256:bf20494da9653f6410213424f5f8ad0ed885e01f7e8e59811f572bdb20b8972e"},
    {file = "coverage-7.6.4-cp313-cp313-win_amd64.whl", hash = "sha256:182e6cd5c040cec0a1c8d415a87b67ed01193ed9ad458ee427741c7d8513d963"},
    {file = "coverage-7.6.4-cp313-cp313t-macosx_10_13_x86_64.whl", hash = "sha256:a181e99301a0ae128493a24cfe5cfb5b488c4e0bf2f8702091473d033494d04f"},
    {file = "coverage-7.6.4-cp313-cp313t-macosx_11_0_arm64.whl", hash = "sha256:df57bdbeffe694e7842092c5e2e0bc80fff7f43379d465f932ef36f027179806"},
    {file = "coverage-7.6.4-cp313-cp313t-manylinux_2_17_aarch64.manylinux2014_aarch64.whl", hash = "sha256:0bcd1069e710600e8e4cf27f65c90c7843fa8edfb4520fb0ccb88894cad08b11"},
    {file = "coverage-7.6.4-cp313-cp313t-manylinux_2_5_i686.manylinux1_i686.manylinux_2_17_i686.manylinux2014_i686.whl", hash = "sha256:99b41d18e6b2a48ba949418db48159d7a2e81c5cc290fc934b7d2380515bd0e3"},
    {file = "coverage-7.6.4-cp313-cp313t-manylinux_2_5_x86_64.manylinux1_x86_64.manylinux_2_17_x86_64.manylinux2014_x86_64.whl", hash = "sha256:a6b1e54712ba3474f34b7ef7a41e65bd9037ad47916ccb1cc78769bae324c01a"},
    {file = "coverage-7.6.4-cp313-cp313t-musllinux_1_2_aarch64.whl", hash = "sha256:53d202fd109416ce011578f321460795abfe10bb901b883cafd9b3ef851bacfc"},
    {file = "coverage-7.6.4-cp313-cp313t-musllinux_1_2_i686.whl", hash = "sha256:c48167910a8f644671de9f2083a23630fbf7a1cb70ce939440cd3328e0919f70"},
    {file = "coverage-7.6.4-cp313-cp313t-musllinux_1_2_x86_64.whl", hash = "sha256:cc8ff50b50ce532de2fa7a7daae9dd12f0a699bfcd47f20945364e5c31799fef"},
    {file = "coverage-7.6.4-cp313-cp313t-win32.whl", hash = "sha256:b8d3a03d9bfcaf5b0141d07a88456bb6a4c3ce55c080712fec8418ef3610230e"},
    {file = "coverage-7.6.4-cp313-cp313t-win_amd64.whl", hash = "sha256:f3ddf056d3ebcf6ce47bdaf56142af51bb7fad09e4af310241e9db7a3a8022e1"},
    {file = "coverage-7.6.4-pp39.pp310-none-any.whl", hash = "sha256:3c65d37f3a9ebb703e710befdc489a38683a5b152242664b973a7b7b22348a4e"},
    {file = "coverage-7.6.4.tar.gz", hash = "sha256:29fc0f17b1d3fea332f8001d4558f8214af7f1d87a345f3a133c901d60347c73"},
]

[[package]]
name = "coverage"
version = "7.6.4"
extras = ["toml"]
requires_python = ">=3.9"
summary = "Code coverage measurement for Python"
groups = ["test"]
dependencies = [
    "coverage==7.6.4",
    "tomli; python_full_version <= \"3.11.0a6\"",
]
files = [
    {file = "coverage-7.6.4-cp310-cp310-macosx_10_9_x86_64.whl", hash = "sha256:5f8ae553cba74085db385d489c7a792ad66f7f9ba2ee85bfa508aeb84cf0ba07"},
    {file = "coverage-7.6.4-cp310-cp310-macosx_11_0_arm64.whl", hash = "sha256:8165b796df0bd42e10527a3f493c592ba494f16ef3c8b531288e3d0d72c1f6f0"},
    {file = "coverage-7.6.4-cp310-cp310-manylinux_2_17_aarch64.manylinux2014_aarch64.whl", hash = "sha256:c7c8b95bf47db6d19096a5e052ffca0a05f335bc63cef281a6e8fe864d450a72"},
    {file = "coverage-7.6.4-cp310-cp310-manylinux_2_5_i686.manylinux1_i686.manylinux_2_17_i686.manylinux2014_i686.whl", hash = "sha256:8ed9281d1b52628e81393f5eaee24a45cbd64965f41857559c2b7ff19385df51"},
    {file = "coverage-7.6.4-cp310-cp310-manylinux_2_5_x86_64.manylinux1_x86_64.manylinux_2_17_x86_64.manylinux2014_x86_64.whl", hash = "sha256:0809082ee480bb8f7416507538243c8863ac74fd8a5d2485c46f0f7499f2b491"},
    {file = "coverage-7.6.4-cp310-cp310-musllinux_1_2_aarch64.whl", hash = "sha256:d541423cdd416b78626b55f123412fcf979d22a2c39fce251b350de38c15c15b"},
    {file = "coverage-7.6.4-cp310-cp310-musllinux_1_2_i686.whl", hash = "sha256:58809e238a8a12a625c70450b48e8767cff9eb67c62e6154a642b21ddf79baea"},
    {file = "coverage-7.6.4-cp310-cp310-musllinux_1_2_x86_64.whl", hash = "sha256:c9b8e184898ed014884ca84c70562b4a82cbc63b044d366fedc68bc2b2f3394a"},
    {file = "coverage-7.6.4-cp310-cp310-win32.whl", hash = "sha256:6bd818b7ea14bc6e1f06e241e8234508b21edf1b242d49831831a9450e2f35fa"},
    {file = "coverage-7.6.4-cp310-cp310-win_amd64.whl", hash = "sha256:06babbb8f4e74b063dbaeb74ad68dfce9186c595a15f11f5d5683f748fa1d172"},
    {file = "coverage-7.6.4-cp311-cp311-macosx_10_9_x86_64.whl", hash = "sha256:73d2b73584446e66ee633eaad1a56aad577c077f46c35ca3283cd687b7715b0b"},
    {file = "coverage-7.6.4-cp311-cp311-macosx_11_0_arm64.whl", hash = "sha256:51b44306032045b383a7a8a2c13878de375117946d68dcb54308111f39775a25"},
    {file = "coverage-7.6.4-cp311-cp311-manylinux_2_17_aarch64.manylinux2014_aarch64.whl", hash = "sha256:0b3fb02fe73bed561fa12d279a417b432e5b50fe03e8d663d61b3d5990f29546"},
    {file = "coverage-7.6.4-cp311-cp311-manylinux_2_5_i686.manylinux1_i686.manylinux_2_17_i686.manylinux2014_i686.whl", hash = "sha256:ed8fe9189d2beb6edc14d3ad19800626e1d9f2d975e436f84e19efb7fa19469b"},
    {file = "coverage-7.6.4-cp311-cp311-manylinux_2_5_x86_64.manylinux1_x86_64.manylinux_2_17_x86_64.manylinux2014_x86_64.whl", hash = "sha256:b369ead6527d025a0fe7bd3864e46dbee3aa8f652d48df6174f8d0bac9e26e0e"},
    {file = "coverage-7.6.4-cp311-cp311-musllinux_1_2_aarch64.whl", hash = "sha256:ade3ca1e5f0ff46b678b66201f7ff477e8fa11fb537f3b55c3f0568fbfe6e718"},
    {file = "coverage-7.6.4-cp311-cp311-musllinux_1_2_i686.whl", hash = "sha256:27fb4a050aaf18772db513091c9c13f6cb94ed40eacdef8dad8411d92d9992db"},
    {file = "coverage-7.6.4-cp311-cp311-musllinux_1_2_x86_64.whl", hash = "sha256:4f704f0998911abf728a7783799444fcbbe8261c4a6c166f667937ae6a8aa522"},
    {file = "coverage-7.6.4-cp311-cp311-win32.whl", hash = "sha256:29155cd511ee058e260db648b6182c419422a0d2e9a4fa44501898cf918866cf"},
    {file = "coverage-7.6.4-cp311-cp311-win_amd64.whl", hash = "sha256:8902dd6a30173d4ef09954bfcb24b5d7b5190cf14a43170e386979651e09ba19"},
    {file = "coverage-7.6.4-cp312-cp312-macosx_10_13_x86_64.whl", hash = "sha256:12394842a3a8affa3ba62b0d4ab7e9e210c5e366fbac3e8b2a68636fb19892c2"},
    {file = "coverage-7.6.4-cp312-cp312-macosx_11_0_arm64.whl", hash = "sha256:2b6b4c83d8e8ea79f27ab80778c19bc037759aea298da4b56621f4474ffeb117"},
    {file = "coverage-7.6.4-cp312-cp312-manylinux_2_17_aarch64.manylinux2014_aarch64.whl", hash = "sha256:1d5b8007f81b88696d06f7df0cb9af0d3b835fe0c8dbf489bad70b45f0e45613"},
    {file = "coverage-7.6.4-cp312-cp312-manylinux_2_5_i686.manylinux1_i686.manylinux_2_17_i686.manylinux2014_i686.whl", hash = "sha256:b57b768feb866f44eeed9f46975f3d6406380275c5ddfe22f531a2bf187eda27"},
    {file = "coverage-7.6.4-cp312-cp312-manylinux_2_5_x86_64.manylinux1_x86_64.manylinux_2_17_x86_64.manylinux2014_x86_64.whl", hash = "sha256:5915fcdec0e54ee229926868e9b08586376cae1f5faa9bbaf8faf3561b393d52"},
    {file = "coverage-7.6.4-cp312-cp312-musllinux_1_2_aarch64.whl", hash = "sha256:0b58c672d14f16ed92a48db984612f5ce3836ae7d72cdd161001cc54512571f2"},
    {file = "coverage-7.6.4-cp312-cp312-musllinux_1_2_i686.whl", hash = "sha256:2fdef0d83a2d08d69b1f2210a93c416d54e14d9eb398f6ab2f0a209433db19e1"},
    {file = "coverage-7.6.4-cp312-cp312-musllinux_1_2_x86_64.whl", hash = "sha256:8cf717ee42012be8c0cb205dbbf18ffa9003c4cbf4ad078db47b95e10748eec5"},
    {file = "coverage-7.6.4-cp312-cp312-win32.whl", hash = "sha256:7bb92c539a624cf86296dd0c68cd5cc286c9eef2d0c3b8b192b604ce9de20a17"},
    {file = "coverage-7.6.4-cp312-cp312-win_amd64.whl", hash = "sha256:1032e178b76a4e2b5b32e19d0fd0abbce4b58e77a1ca695820d10e491fa32b08"},
    {file = "coverage-7.6.4-cp313-cp313-macosx_10_13_x86_64.whl", hash = "sha256:023bf8ee3ec6d35af9c1c6ccc1d18fa69afa1cb29eaac57cb064dbb262a517f9"},
    {file = "coverage-7.6.4-cp313-cp313-macosx_11_0_arm64.whl", hash = "sha256:b0ac3d42cb51c4b12df9c5f0dd2f13a4f24f01943627120ec4d293c9181219ba"},
    {file = "coverage-7.6.4-cp313-cp313-manylinux_2_17_aarch64.manylinux2014_aarch64.whl", hash = "sha256:f8fe4984b431f8621ca53d9380901f62bfb54ff759a1348cd140490ada7b693c"},
    {file = "coverage-7.6.4-cp313-cp313-manylinux_2_5_i686.manylinux1_i686.manylinux_2_17_i686.manylinux2014_i686.whl", hash = "sha256:5fbd612f8a091954a0c8dd4c0b571b973487277d26476f8480bfa4b2a65b5d06"},
    {file = "coverage-7.6.4-cp313-cp313-manylinux_2_5_x86_64.manylinux1_x86_64.manylinux_2_17_x86_64.manylinux2014_x86_64.whl", hash = "sha256:dacbc52de979f2823a819571f2e3a350a7e36b8cb7484cdb1e289bceaf35305f"},
    {file = "coverage-7.6.4-cp313-cp313-musllinux_1_2_aarch64.whl", hash = "sha256:dab4d16dfef34b185032580e2f2f89253d302facba093d5fa9dbe04f569c4f4b"},
    {file = "coverage-7.6.4-cp313-cp313-musllinux_1_2_i686.whl", hash = "sha256:862264b12ebb65ad8d863d51f17758b1684560b66ab02770d4f0baf2ff75da21"},
    {file = "coverage-7.6.4-cp313-cp313-musllinux_1_2_x86_64.whl", hash = "sha256:5beb1ee382ad32afe424097de57134175fea3faf847b9af002cc7895be4e2a5a"},
    {file = "coverage-7.6.4-cp313-cp313-win32.whl", hash = "sha256:bf20494da9653f6410213424f5f8ad0ed885e01f7e8e59811f572bdb20b8972e"},
    {file = "coverage-7.6.4-cp313-cp313-win_amd64.whl", hash = "sha256:182e6cd5c040cec0a1c8d415a87b67ed01193ed9ad458ee427741c7d8513d963"},
    {file = "coverage-7.6.4-cp313-cp313t-macosx_10_13_x86_64.whl", hash = "sha256:a181e99301a0ae128493a24cfe5cfb5b488c4e0bf2f8702091473d033494d04f"},
    {file = "coverage-7.6.4-cp313-cp313t-macosx_11_0_arm64.whl", hash = "sha256:df57bdbeffe694e7842092c5e2e0bc80fff7f43379d465f932ef36f027179806"},
    {file = "coverage-7.6.4-cp313-cp313t-manylinux_2_17_aarch64.manylinux2014_aarch64.whl", hash = "sha256:0bcd1069e710600e8e4cf27f65c90c7843fa8edfb4520fb0ccb88894cad08b11"},
    {file = "coverage-7.6.4-cp313-cp313t-manylinux_2_5_i686.manylinux1_i686.manylinux_2_17_i686.manylinux2014_i686.whl", hash = "sha256:99b41d18e6b2a48ba949418db48159d7a2e81c5cc290fc934b7d2380515bd0e3"},
    {file = "coverage-7.6.4-cp313-cp313t-manylinux_2_5_x86_64.manylinux1_x86_64.manylinux_2_17_x86_64.manylinux2014_x86_64.whl", hash = "sha256:a6b1e54712ba3474f34b7ef7a41e65bd9037ad47916ccb1cc78769bae324c01a"},
    {file = "coverage-7.6.4-cp313-cp313t-musllinux_1_2_aarch64.whl", hash = "sha256:53d202fd109416ce011578f321460795abfe10bb901b883cafd9b3ef851bacfc"},
    {file = "coverage-7.6.4-cp313-cp313t-musllinux_1_2_i686.whl", hash = "sha256:c48167910a8f644671de9f2083a23630fbf7a1cb70ce939440cd3328e0919f70"},
    {file = "coverage-7.6.4-cp313-cp313t-musllinux_1_2_x86_64.whl", hash = "sha256:cc8ff50b50ce532de2fa7a7daae9dd12f0a699bfcd47f20945364e5c31799fef"},
    {file = "coverage-7.6.4-cp313-cp313t-win32.whl", hash = "sha256:b8d3a03d9bfcaf5b0141d07a88456bb6a4c3ce55c080712fec8418ef3610230e"},
    {file = "coverage-7.6.4-cp313-cp313t-win_amd64.whl", hash = "sha256:f3ddf056d3ebcf6ce47bdaf56142af51bb7fad09e4af310241e9db7a3a8022e1"},
    {file = "coverage-7.6.4-pp39.pp310-none-any.whl", hash = "sha256:3c65d37f3a9ebb703e710befdc489a38683a5b152242664b973a7b7b22348a4e"},
    {file = "coverage-7.6.4.tar.gz", hash = "sha256:29fc0f17b1d3fea332f8001d4558f8214af7f1d87a345f3a133c901d60347c73"},
]

[[package]]
name = "exceptiongroup"
version = "1.2.2"
requires_python = ">=3.7"
summary = "Backport of PEP 654 (exception groups)"
groups = ["test"]
marker = "python_version < \"3.11\""
files = [
    {file = "exceptiongroup-1.2.2-py3-none-any.whl", hash = "sha256:3111b9d131c238bec2f8f516e123e14ba243563fb135d3fe885990585aa7795b"},
    {file = "exceptiongroup-1.2.2.tar.gz", hash = "sha256:47c2edf7c6738fafb49fd34290706d1a1a2f4d1c6df275526b62cbb4aa5393cc"},
]

[[package]]
name = "flake8"
version = "7.1.1"
requires_python = ">=3.8.1"
summary = "the modular source code checker: pep8 pyflakes and co"
groups = ["lint"]
dependencies = [
    "mccabe<0.8.0,>=0.7.0",
    "pycodestyle<2.13.0,>=2.12.0",
    "pyflakes<3.3.0,>=3.2.0",
]
files = [
    {file = "flake8-7.1.1-py2.py3-none-any.whl", hash = "sha256:597477df7860daa5aa0fdd84bf5208a043ab96b8e96ab708770ae0364dd03213"},
    {file = "flake8-7.1.1.tar.gz", hash = "sha256:049d058491e228e03e67b390f311bbf88fce2dbaa8fa673e7aea87b7198b8d38"},
]

[[package]]
name = "future"
version = "1.0.0"
requires_python = ">=2.6, !=3.0.*, !=3.1.*, !=3.2.*"
summary = "Clean single-source support for Python 3 and 2"
groups = ["default"]
files = [
    {file = "future-1.0.0-py3-none-any.whl", hash = "sha256:929292d34f5872e70396626ef385ec22355a1fae8ad29e1a734c3e43f9fbc216"},
    {file = "future-1.0.0.tar.gz", hash = "sha256:bd2968309307861edae1458a4f8a4f3598c03be43b97521076aebf5d94c07b05"},
]

[[package]]
name = "h5py"
version = "3.12.1"
requires_python = ">=3.9"
summary = "Read and write HDF5 files from Python"
groups = ["default"]
dependencies = [
    "numpy>=1.19.3",
]
files = [
    {file = "h5py-3.12.1-cp310-cp310-macosx_10_9_x86_64.whl", hash = "sha256:2f0f1a382cbf494679c07b4371f90c70391dedb027d517ac94fa2c05299dacda"},
    {file = "h5py-3.12.1-cp310-cp310-macosx_11_0_arm64.whl", hash = "sha256:cb65f619dfbdd15e662423e8d257780f9a66677eae5b4b3fc9dca70b5fd2d2a3"},
    {file = "h5py-3.12.1-cp310-cp310-manylinux_2_17_aarch64.manylinux2014_aarch64.whl", hash = "sha256:3b15d8dbd912c97541312c0e07438864d27dbca857c5ad634de68110c6beb1c2"},
    {file = "h5py-3.12.1-cp310-cp310-manylinux_2_17_x86_64.manylinux2014_x86_64.whl", hash = "sha256:59685fe40d8c1fbbee088c88cd4da415a2f8bee5c270337dc5a1c4aa634e3307"},
    {file = "h5py-3.12.1-cp310-cp310-win_amd64.whl", hash = "sha256:577d618d6b6dea3da07d13cc903ef9634cde5596b13e832476dd861aaf651f3e"},
    {file = "h5py-3.12.1-cp311-cp311-macosx_10_9_x86_64.whl", hash = "sha256:ccd9006d92232727d23f784795191bfd02294a4f2ba68708825cb1da39511a93"},
    {file = "h5py-3.12.1-cp311-cp311-macosx_11_0_arm64.whl", hash = "sha256:ad8a76557880aed5234cfe7279805f4ab5ce16b17954606cca90d578d3e713ef"},
    {file = "h5py-3.12.1-cp311-cp311-manylinux_2_17_aarch64.manylinux2014_aarch64.whl", hash = "sha256:1473348139b885393125126258ae2d70753ef7e9cec8e7848434f385ae72069e"},
    {file = "h5py-3.12.1-cp311-cp311-manylinux_2_17_x86_64.manylinux2014_x86_64.whl", hash = "sha256:018a4597f35092ae3fb28ee851fdc756d2b88c96336b8480e124ce1ac6fb9166"},
    {file = "h5py-3.12.1-cp311-cp311-win_amd64.whl", hash = "sha256:3fdf95092d60e8130ba6ae0ef7a9bd4ade8edbe3569c13ebbaf39baefffc5ba4"},
    {file = "h5py-3.12.1-cp312-cp312-macosx_10_13_x86_64.whl", hash = "sha256:06a903a4e4e9e3ebbc8b548959c3c2552ca2d70dac14fcfa650d9261c66939ed"},
    {file = "h5py-3.12.1-cp312-cp312-macosx_11_0_arm64.whl", hash = "sha256:7b3b8f3b48717e46c6a790e3128d39c61ab595ae0a7237f06dfad6a3b51d5351"},
    {file = "h5py-3.12.1-cp312-cp312-manylinux_2_17_aarch64.manylinux2014_aarch64.whl", hash = "sha256:050a4f2c9126054515169c49cb900949814987f0c7ae74c341b0c9f9b5056834"},
    {file = "h5py-3.12.1-cp312-cp312-manylinux_2_17_x86_64.manylinux2014_x86_64.whl", hash = "sha256:5c4b41d1019322a5afc5082864dfd6359f8935ecd37c11ac0029be78c5d112c9"},
    {file = "h5py-3.12.1-cp312-cp312-win_amd64.whl", hash = "sha256:e4d51919110a030913201422fb07987db4338eba5ec8c5a15d6fab8e03d443fc"},
    {file = "h5py-3.12.1-cp313-cp313-macosx_10_13_x86_64.whl", hash = "sha256:513171e90ed92236fc2ca363ce7a2fc6f2827375efcbb0cc7fbdd7fe11fecafc"},
    {file = "h5py-3.12.1-cp313-cp313-macosx_11_0_arm64.whl", hash = "sha256:59400f88343b79655a242068a9c900001a34b63e3afb040bd7cdf717e440f653"},
    {file = "h5py-3.12.1-cp313-cp313-manylinux_2_17_aarch64.manylinux2014_aarch64.whl", hash = "sha256:d3e465aee0ec353949f0f46bf6c6f9790a2006af896cee7c178a8c3e5090aa32"},
    {file = "h5py-3.12.1-cp313-cp313-manylinux_2_17_x86_64.manylinux2014_x86_64.whl", hash = "sha256:ba51c0c5e029bb5420a343586ff79d56e7455d496d18a30309616fdbeed1068f"},
    {file = "h5py-3.12.1-cp313-cp313-win_amd64.whl", hash = "sha256:52ab036c6c97055b85b2a242cb540ff9590bacfda0c03dd0cf0661b311f522f8"},
    {file = "h5py-3.12.1.tar.gz", hash = "sha256:326d70b53d31baa61f00b8aa5f95c2fcb9621a3ee8365d770c551a13dbbcbfdf"},
]

[[package]]
name = "iniconfig"
version = "2.0.0"
requires_python = ">=3.7"
summary = "brain-dead simple config-ini parsing"
groups = ["test"]
files = [
    {file = "iniconfig-2.0.0-py3-none-any.whl", hash = "sha256:b6a85871a79d2e3b22d2d1b94ac2824226a63c6b741c88f7ae975f18b6778374"},
    {file = "iniconfig-2.0.0.tar.gz", hash = "sha256:2d91e135bf72d31a410b17c16da610a82cb55f6b0477d1a902134b24a455b8b3"},
]

[[package]]
name = "mccabe"
version = "0.7.0"
requires_python = ">=3.6"
summary = "McCabe checker, plugin for flake8"
groups = ["lint"]
files = [
    {file = "mccabe-0.7.0-py2.py3-none-any.whl", hash = "sha256:6c2d30ab6be0e4a46919781807b4f0d834ebdd6c6e3dca0bda5a15f863427b6e"},
    {file = "mccabe-0.7.0.tar.gz", hash = "sha256:348e0240c33b60bbdf4e523192ef919f28cb2c3d7d5c7794f74009290f236325"},
]

[[package]]
name = "numpy"
version = "2.1.3"
requires_python = ">=3.10"
summary = "Fundamental package for array computing in Python"
groups = ["default"]
files = [
    {file = "numpy-2.1.3-cp310-cp310-macosx_10_9_x86_64.whl", hash = "sha256:c894b4305373b9c5576d7a12b473702afdf48ce5369c074ba304cc5ad8730dff"},
    {file = "numpy-2.1.3-cp310-cp310-macosx_11_0_arm64.whl", hash = "sha256:b47fbb433d3260adcd51eb54f92a2ffbc90a4595f8970ee00e064c644ac788f5"},
    {file = "numpy-2.1.3-cp310-cp310-macosx_14_0_arm64.whl", hash = "sha256:825656d0743699c529c5943554d223c021ff0494ff1442152ce887ef4f7561a1"},
    {file = "numpy-2.1.3-cp310-cp310-macosx_14_0_x86_64.whl", hash = "sha256:6a4825252fcc430a182ac4dee5a505053d262c807f8a924603d411f6718b88fd"},
    {file = "numpy-2.1.3-cp310-cp310-manylinux_2_17_aarch64.manylinux2014_aarch64.whl", hash = "sha256:e711e02f49e176a01d0349d82cb5f05ba4db7d5e7e0defd026328e5cfb3226d3"},
    {file = "numpy-2.1.3-cp310-cp310-manylinux_2_17_x86_64.manylinux2014_x86_64.whl", hash = "sha256:78574ac2d1a4a02421f25da9559850d59457bac82f2b8d7a44fe83a64f770098"},
    {file = "numpy-2.1.3-cp310-cp310-musllinux_1_1_x86_64.whl", hash = "sha256:c7662f0e3673fe4e832fe07b65c50342ea27d989f92c80355658c7f888fcc83c"},
    {file = "numpy-2.1.3-cp310-cp310-musllinux_1_2_aarch64.whl", hash = "sha256:fa2d1337dc61c8dc417fbccf20f6d1e139896a30721b7f1e832b2bb6ef4eb6c4"},
    {file = "numpy-2.1.3-cp310-cp310-win32.whl", hash = "sha256:72dcc4a35a8515d83e76b58fdf8113a5c969ccd505c8a946759b24e3182d1f23"},
    {file = "numpy-2.1.3-cp310-cp310-win_amd64.whl", hash = "sha256:ecc76a9ba2911d8d37ac01de72834d8849e55473457558e12995f4cd53e778e0"},
    {file = "numpy-2.1.3-cp311-cp311-macosx_10_9_x86_64.whl", hash = "sha256:4d1167c53b93f1f5d8a139a742b3c6f4d429b54e74e6b57d0eff40045187b15d"},
    {file = "numpy-2.1.3-cp311-cp311-macosx_11_0_arm64.whl", hash = "sha256:c80e4a09b3d95b4e1cac08643f1152fa71a0a821a2d4277334c88d54b2219a41"},
    {file = "numpy-2.1.3-cp311-cp311-macosx_14_0_arm64.whl", hash = "sha256:576a1c1d25e9e02ed7fa5477f30a127fe56debd53b8d2c89d5578f9857d03ca9"},
    {file = "numpy-2.1.3-cp311-cp311-macosx_14_0_x86_64.whl", hash = "sha256:973faafebaae4c0aaa1a1ca1ce02434554d67e628b8d805e61f874b84e136b09"},
    {file = "numpy-2.1.3-cp311-cp311-manylinux_2_17_aarch64.manylinux2014_aarch64.whl", hash = "sha256:762479be47a4863e261a840e8e01608d124ee1361e48b96916f38b119cfda04a"},
    {file = "numpy-2.1.3-cp311-cp311-manylinux_2_17_x86_64.manylinux2014_x86_64.whl", hash = "sha256:bc6f24b3d1ecc1eebfbf5d6051faa49af40b03be1aaa781ebdadcbc090b4539b"},
    {file = "numpy-2.1.3-cp311-cp311-musllinux_1_1_x86_64.whl", hash = "sha256:17ee83a1f4fef3c94d16dc1802b998668b5419362c8a4f4e8a491de1b41cc3ee"},
    {file = "numpy-2.1.3-cp311-cp311-musllinux_1_2_aarch64.whl", hash = "sha256:15cb89f39fa6d0bdfb600ea24b250e5f1a3df23f901f51c8debaa6a5d122b2f0"},
    {file = "numpy-2.1.3-cp311-cp311-win32.whl", hash = "sha256:d9beb777a78c331580705326d2367488d5bc473b49a9bc3036c154832520aca9"},
    {file = "numpy-2.1.3-cp311-cp311-win_amd64.whl", hash = "sha256:d89dd2b6da69c4fff5e39c28a382199ddedc3a5be5390115608345dec660b9e2"},
    {file = "numpy-2.1.3-cp312-cp312-macosx_10_13_x86_64.whl", hash = "sha256:f55ba01150f52b1027829b50d70ef1dafd9821ea82905b63936668403c3b471e"},
    {file = "numpy-2.1.3-cp312-cp312-macosx_11_0_arm64.whl", hash = "sha256:13138eadd4f4da03074851a698ffa7e405f41a0845a6b1ad135b81596e4e9958"},
    {file = "numpy-2.1.3-cp312-cp312-macosx_14_0_arm64.whl", hash = "sha256:a6b46587b14b888e95e4a24d7b13ae91fa22386c199ee7b418f449032b2fa3b8"},
    {file = "numpy-2.1.3-cp312-cp312-macosx_14_0_x86_64.whl", hash = "sha256:0fa14563cc46422e99daef53d725d0c326e99e468a9320a240affffe87852564"},
    {file = "numpy-2.1.3-cp312-cp312-manylinux_2_17_aarch64.manylinux2014_aarch64.whl", hash = "sha256:8637dcd2caa676e475503d1f8fdb327bc495554e10838019651b76d17b98e512"},
    {file = "numpy-2.1.3-cp312-cp312-manylinux_2_17_x86_64.manylinux2014_x86_64.whl", hash = "sha256:2312b2aa89e1f43ecea6da6ea9a810d06aae08321609d8dc0d0eda6d946a541b"},
    {file = "numpy-2.1.3-cp312-cp312-musllinux_1_1_x86_64.whl", hash = "sha256:a38c19106902bb19351b83802531fea19dee18e5b37b36454f27f11ff956f7fc"},
    {file = "numpy-2.1.3-cp312-cp312-musllinux_1_2_aarch64.whl", hash = "sha256:02135ade8b8a84011cbb67dc44e07c58f28575cf9ecf8ab304e51c05528c19f0"},
    {file = "numpy-2.1.3-cp312-cp312-win32.whl", hash = "sha256:e6988e90fcf617da2b5c78902fe8e668361b43b4fe26dbf2d7b0f8034d4cafb9"},
    {file = "numpy-2.1.3-cp312-cp312-win_amd64.whl", hash = "sha256:0d30c543f02e84e92c4b1f415b7c6b5326cbe45ee7882b6b77db7195fb971e3a"},
    {file = "numpy-2.1.3-cp313-cp313-macosx_10_13_x86_64.whl", hash = "sha256:96fe52fcdb9345b7cd82ecd34547fca4321f7656d500eca497eb7ea5a926692f"},
    {file = "numpy-2.1.3-cp313-cp313-macosx_11_0_arm64.whl", hash = "sha256:f653490b33e9c3a4c1c01d41bc2aef08f9475af51146e4a7710c450cf9761598"},
    {file = "numpy-2.1.3-cp313-cp313-macosx_14_0_arm64.whl", hash = "sha256:dc258a761a16daa791081d026f0ed4399b582712e6fc887a95af09df10c5ca57"},
    {file = "numpy-2.1.3-cp313-cp313-macosx_14_0_x86_64.whl", hash = "sha256:016d0f6f5e77b0f0d45d77387ffa4bb89816b57c835580c3ce8e099ef830befe"},
    {file = "numpy-2.1.3-cp313-cp313-manylinux_2_17_aarch64.manylinux2014_aarch64.whl", hash = "sha256:c181ba05ce8299c7aa3125c27b9c2167bca4a4445b7ce73d5febc411ca692e43"},
    {file = "numpy-2.1.3-cp313-cp313-manylinux_2_17_x86_64.manylinux2014_x86_64.whl", hash = "sha256:5641516794ca9e5f8a4d17bb45446998c6554704d888f86df9b200e66bdcce56"},
    {file = "numpy-2.1.3-cp313-cp313-musllinux_1_1_x86_64.whl", hash = "sha256:ea4dedd6e394a9c180b33c2c872b92f7ce0f8e7ad93e9585312b0c5a04777a4a"},
    {file = "numpy-2.1.3-cp313-cp313-musllinux_1_2_aarch64.whl", hash = "sha256:b0df3635b9c8ef48bd3be5f862cf71b0a4716fa0e702155c45067c6b711ddcef"},
    {file = "numpy-2.1.3-cp313-cp313-win32.whl", hash = "sha256:50ca6aba6e163363f132b5c101ba078b8cbd3fa92c7865fd7d4d62d9779ac29f"},
    {file = "numpy-2.1.3-cp313-cp313-win_amd64.whl", hash = "sha256:747641635d3d44bcb380d950679462fae44f54b131be347d5ec2bce47d3df9ed"},
    {file = "numpy-2.1.3-cp313-cp313t-macosx_10_13_x86_64.whl", hash = "sha256:996bb9399059c5b82f76b53ff8bb686069c05acc94656bb259b1d63d04a9506f"},
    {file = "numpy-2.1.3-cp313-cp313t-macosx_11_0_arm64.whl", hash = "sha256:45966d859916ad02b779706bb43b954281db43e185015df6eb3323120188f9e4"},
    {file = "numpy-2.1.3-cp313-cp313t-macosx_14_0_arm64.whl", hash = "sha256:baed7e8d7481bfe0874b566850cb0b85243e982388b7b23348c6db2ee2b2ae8e"},
    {file = "numpy-2.1.3-cp313-cp313t-macosx_14_0_x86_64.whl", hash = "sha256:a9f7f672a3388133335589cfca93ed468509cb7b93ba3105fce780d04a6576a0"},
    {file = "numpy-2.1.3-cp313-cp313t-manylinux_2_17_aarch64.manylinux2014_aarch64.whl", hash = "sha256:d7aac50327da5d208db2eec22eb11e491e3fe13d22653dce51b0f4109101b408"},
    {file = "numpy-2.1.3-cp313-cp313t-manylinux_2_17_x86_64.manylinux2014_x86_64.whl", hash = "sha256:4394bc0dbd074b7f9b52024832d16e019decebf86caf909d94f6b3f77a8ee3b6"},
    {file = "numpy-2.1.3-cp313-cp313t-musllinux_1_1_x86_64.whl", hash = "sha256:50d18c4358a0a8a53f12a8ba9d772ab2d460321e6a93d6064fc22443d189853f"},
    {file = "numpy-2.1.3-cp313-cp313t-musllinux_1_2_aarch64.whl", hash = "sha256:14e253bd43fc6b37af4921b10f6add6925878a42a0c5fe83daee390bca80bc17"},
    {file = "numpy-2.1.3-cp313-cp313t-win32.whl", hash = "sha256:08788d27a5fd867a663f6fc753fd7c3ad7e92747efc73c53bca2f19f8bc06f48"},
    {file = "numpy-2.1.3-cp313-cp313t-win_amd64.whl", hash = "sha256:2564fbdf2b99b3f815f2107c1bbc93e2de8ee655a69c261363a1172a79a257d4"},
    {file = "numpy-2.1.3-pp310-pypy310_pp73-macosx_10_15_x86_64.whl", hash = "sha256:4f2015dfe437dfebbfce7c85c7b53d81ba49e71ba7eadbf1df40c915af75979f"},
    {file = "numpy-2.1.3-pp310-pypy310_pp73-macosx_14_0_x86_64.whl", hash = "sha256:3522b0dfe983a575e6a9ab3a4a4dfe156c3e428468ff08ce582b9bb6bd1d71d4"},
    {file = "numpy-2.1.3-pp310-pypy310_pp73-manylinux_2_17_x86_64.manylinux2014_x86_64.whl", hash = "sha256:c006b607a865b07cd981ccb218a04fc86b600411d83d6fc261357f1c0966755d"},
    {file = "numpy-2.1.3-pp310-pypy310_pp73-win_amd64.whl", hash = "sha256:e14e26956e6f1696070788252dcdff11b4aca4c3e8bd166e0df1bb8f315a67cb"},
    {file = "numpy-2.1.3.tar.gz", hash = "sha256:aa08e04e08aaf974d4458def539dece0d28146d866a39da5639596f4921fd761"},
]

[[package]]
name = "packaging"
version = "24.2"
requires_python = ">=3.8"
summary = "Core utilities for Python packages"
groups = ["default", "test"]
files = [
    {file = "packaging-24.2-py3-none-any.whl", hash = "sha256:09abb1bccd265c01f4a3aa3f7a7db064b36514d2cba19a2f694fe6150451a759"},
    {file = "packaging-24.2.tar.gz", hash = "sha256:c228a6dc5e932d346bc5739379109d49e8853dd8223571c7c5b55260edc0b97f"},
]

[[package]]
name = "pluggy"
version = "1.5.0"
requires_python = ">=3.8"
summary = "plugin and hook calling mechanisms for python"
groups = ["test"]
files = [
    {file = "pluggy-1.5.0-py3-none-any.whl", hash = "sha256:44e1ad92c8ca002de6377e165f3e0f1be63266ab4d554740532335b9d75ea669"},
    {file = "pluggy-1.5.0.tar.gz", hash = "sha256:2cffa88e94fdc978c4c574f15f9e59b7f4201d439195c3715ca9e2486f1d0cf1"},
]

[[package]]
name = "pycodestyle"
version = "2.12.1"
requires_python = ">=3.8"
summary = "Python style guide checker"
groups = ["lint"]
files = [
    {file = "pycodestyle-2.12.1-py2.py3-none-any.whl", hash = "sha256:46f0fb92069a7c28ab7bb558f05bfc0110dac69a0cd23c61ea0040283a9d78b3"},
    {file = "pycodestyle-2.12.1.tar.gz", hash = "sha256:6838eae08bbce4f6accd5d5572075c63626a15ee3e6f842df996bf62f6d73521"},
]

[[package]]
name = "pycpd"
version = "2.0.0"
summary = "Pure Numpy Implementation of the Coherent Point Drift Algorithm"
groups = ["default"]
dependencies = [
    "future",
    "numpy",
]
files = [
    {file = "pycpd-2.0.0-py3-none-any.whl", hash = "sha256:c4d80a3db47919e27e3109e7f47cb41c442babced6f9126caa728bd18a28103a"},
    {file = "pycpd-2.0.0.tar.gz", hash = "sha256:d0ae86c8f490d10ea9ad1d6067891197f1d5e948f23dcb7a59aadaee9ece5c9e"},
]

[[package]]
name = "pyflakes"
version = "3.2.0"
requires_python = ">=3.8"
summary = "passive checker of Python programs"
groups = ["lint"]
files = [
    {file = "pyflakes-3.2.0-py2.py3-none-any.whl", hash = "sha256:84b5be138a2dfbb40689ca07e2152deb896a65c3a3e24c251c5c62489568074a"},
    {file = "pyflakes-3.2.0.tar.gz", hash = "sha256:1c61603ff154621fb2a9172037d84dca3500def8c8b630657d1701f026f8af3f"},
]

[[package]]
name = "pyqtgraph"
version = "0.13.7"
requires_python = ">=3.9"
summary = "Scientific Graphics and GUI Library for Python"
groups = ["default"]
dependencies = [
    "numpy>=1.22.0",
]
files = [
    {file = "pyqtgraph-0.13.7-py3-none-any.whl", hash = "sha256:7754edbefb6c367fa0dfb176e2d0610da3ada20aa7a5318516c74af5fb72bf7a"},
    {file = "pyqtgraph-0.13.7.tar.gz", hash = "sha256:64f84f1935c6996d0e09b1ee66fe478a7771e3ca6f3aaa05f00f6e068321d9e3"},
]

[[package]]
name = "pystackreg"
version = "0.2.8"
summary = "Image registration tool (python implementation of the ImageJ/FIJI Plugin TurboReg/StackReg)"
groups = ["default"]
dependencies = [
    "numpy",
    "tqdm",
]
files = [
    {file = "pystackreg-0.2.8-cp310-cp310-macosx_11_0_arm64.whl", hash = "sha256:e90d5cda748d774a27dbd8c0c124f9671636e79873789a6ba6f39a6b4da91dc1"},
    {file = "pystackreg-0.2.8-cp310-cp310-manylinux_2_17_x86_64.manylinux2014_x86_64.whl", hash = "sha256:ecb92e9291c45a58fa9352a8769af748ea25bc3b01966a4e9fefa3a0858e0934"},
    {file = "pystackreg-0.2.8-cp310-cp310-manylinux_2_5_i686.manylinux1_i686.manylinux_2_17_i686.manylinux2014_i686.whl", hash = "sha256:bde44c404ad81082eef09e6285e8e93199710489e1ef63e5d28f7286974a2ab4"},
    {file = "pystackreg-0.2.8-cp310-cp310-musllinux_1_2_i686.whl", hash = "sha256:77d3d3d8e732a9b43f175dafebd63842f5c2bb2f1ea9d09c211397fb6a68b7d5"},
    {file = "pystackreg-0.2.8-cp310-cp310-musllinux_1_2_x86_64.whl", hash = "sha256:47d577a5237937d8bd1c1d9d64f2cb71cc1a07789f04f6b479bab8d826d55e23"},
    {file = "pystackreg-0.2.8-cp310-cp310-win32.whl", hash = "sha256:dc6823065f0e8279e3bd416338c4342f8677e952c8e49155989b6dc75bbd60ee"},
    {file = "pystackreg-0.2.8-cp310-cp310-win_amd64.whl", hash = "sha256:73b36bb7ec18a860429a53895b46da1d013139d6906c1d5efa806c65570d8c36"},
    {file = "pystackreg-0.2.8-cp311-cp311-macosx_11_0_arm64.whl", hash = "sha256:49cb45a0be374bd36a7d1d3d561b3c0d456f105d339b79c2bfa4b6c297ab4a1f"},
    {file = "pystackreg-0.2.8-cp311-cp311-manylinux_2_17_x86_64.manylinux2014_x86_64.whl", hash = "sha256:122cdf491fed5b5bf9620546d7c7b84f002aa6bd98322e07a6ca1761bbb10889"},
    {file = "pystackreg-0.2.8-cp311-cp311-manylinux_2_5_i686.manylinux1_i686.manylinux_2_17_i686.manylinux2014_i686.whl", hash = "sha256:ca37b157087211df15f8811d9e2553b100b1082de152601aa6f2f956c1d9343c"},
    {file = "pystackreg-0.2.8-cp311-cp311-musllinux_1_2_i686.whl", hash = "sha256:c4948e38394898d7fdb1f481c328a25876299db98c99e0b3263b50730bf17691"},
    {file = "pystackreg-0.2.8-cp311-cp311-musllinux_1_2_x86_64.whl", hash = "sha256:760dafe1efac42d2f243da37b296d6dd7e1df071c967abb292a921b0db7c9faa"},
    {file = "pystackreg-0.2.8-cp311-cp311-win32.whl", hash = "sha256:42336a4b6daf0caa5dc7e774cbafbc91a7a3a5e56797a4f16ace0fd740f934f3"},
    {file = "pystackreg-0.2.8-cp311-cp311-win_amd64.whl", hash = "sha256:06e90e69d9aca4a68af532f9128258796acf46e0305dea03b36926e933d15837"},
    {file = "pystackreg-0.2.8-cp312-cp312-macosx_11_0_arm64.whl", hash = "sha256:cc82203cde0a1909180d0ab7067071ac13d9558632f602ca72cce40415a3f339"},
    {file = "pystackreg-0.2.8-cp312-cp312-manylinux_2_17_x86_64.manylinux2014_x86_64.whl", hash = "sha256:83242b0fd0353d2598f381cf8677956d527b01f613309c2ccc7a99b7288f88e3"},
    {file = "pystackreg-0.2.8-cp312-cp312-manylinux_2_5_i686.manylinux1_i686.manylinux_2_17_i686.manylinux2014_i686.whl", hash = "sha256:e549326568456886c7b908068a85fc87de13f4b042af0e92a8fa1a20646d0f12"},
    {file = "pystackreg-0.2.8-cp312-cp312-musllinux_1_2_i686.whl", hash = "sha256:13647efcb5d87a290a8ba4ee27fa2094fd2213369efd4755b43df244a0a27e32"},
    {file = "pystackreg-0.2.8-cp312-cp312-musllinux_1_2_x86_64.whl", hash = "sha256:13ca10ddae376e42bef7bacfc898db9766e16b7bb3ca4e9e41d83e1eef0527fd"},
    {file = "pystackreg-0.2.8-cp312-cp312-win32.whl", hash = "sha256:bb1a541297d595604e02c545c96d8fd71d3592ac16e7d56ddca48aac427ba201"},
    {file = "pystackreg-0.2.8-cp312-cp312-win_amd64.whl", hash = "sha256:0e7cb59bcf9f667a4988fdaa166442422188f01913d74b8eb7edc44215e838e7"},
    {file = "pystackreg-0.2.8-cp313-cp313-macosx_11_0_arm64.whl", hash = "sha256:3c7c146dfccbc70d8f4f2210f4ded28290a48704b9cdec812ae9f19896f0ebe9"},
    {file = "pystackreg-0.2.8-cp313-cp313-manylinux_2_17_x86_64.manylinux2014_x86_64.whl", hash = "sha256:adbcded9a9697556a7239160e9ae836e574e7f5ccff4bcbba1838ebb1f50735b"},
    {file = "pystackreg-0.2.8-cp313-cp313-manylinux_2_5_i686.manylinux1_i686.manylinux_2_17_i686.manylinux2014_i686.whl", hash = "sha256:dbfc206d546f36d373bd6c9b4800fdefb063c2f9f54664059d41139dd77c98f7"},
    {file = "pystackreg-0.2.8-cp313-cp313-musllinux_1_2_i686.whl", hash = "sha256:48003e24e87e26da2d71d9b7ad0172fec0fd6306332f9853eac0073740100b98"},
    {file = "pystackreg-0.2.8-cp313-cp313-musllinux_1_2_x86_64.whl", hash = "sha256:07b67ade9ff2dde1357b8bccd524ea521199566a07b4386958fb7430688ff021"},
    {file = "pystackreg-0.2.8-cp313-cp313-win32.whl", hash = "sha256:38b169dd5731e390e36bd6fefe50a8bda6c61a7a820822e2f5eef80c27560a64"},
    {file = "pystackreg-0.2.8-cp313-cp313-win_amd64.whl", hash = "sha256:a48da1c2ecdc440b56baed71ebe079fffb33cf4992d6a4b74af0e8c37b9e622e"},
    {file = "pystackreg-0.2.8.tar.gz", hash = "sha256:fb615e9fb791298a196f7468cf0d2db1d5a008cde58d74c71afc2acb6a092dfc"},
]

[[package]]
name = "pytest"
version = "8.3.3"
requires_python = ">=3.8"
summary = "pytest: simple powerful testing with Python"
groups = ["test"]
dependencies = [
    "colorama; sys_platform == \"win32\"",
    "exceptiongroup>=1.0.0rc8; python_version < \"3.11\"",
    "iniconfig",
    "packaging",
    "pluggy<2,>=1.5",
    "tomli>=1; python_version < \"3.11\"",
]
files = [
    {file = "pytest-8.3.3-py3-none-any.whl", hash = "sha256:a6853c7375b2663155079443d2e45de913a911a11d669df02a50814944db57b2"},
    {file = "pytest-8.3.3.tar.gz", hash = "sha256:70b98107bd648308a7952b06e6ca9a50bc660be218d53c257cc1fc94fda10181"},
]

[[package]]
name = "pytest-cov"
version = "6.0.0"
requires_python = ">=3.9"
summary = "Pytest plugin for measuring coverage."
groups = ["test"]
dependencies = [
    "coverage[toml]>=7.5",
    "pytest>=4.6",
]
files = [
    {file = "pytest-cov-6.0.0.tar.gz", hash = "sha256:fde0b595ca248bb8e2d76f020b465f3b107c9632e6a1d1705f17834c89dcadc0"},
    {file = "pytest_cov-6.0.0-py3-none-any.whl", hash = "sha256:eee6f1b9e61008bd34975a4d5bab25801eb31898b032dd55addc93e96fcaaa35"},
]

[[package]]
name = "qtawesome"
version = "1.3.1"
requires_python = ">=3.7"
summary = "FontAwesome icons in PyQt and PySide applications"
groups = ["default"]
dependencies = [
    "qtpy",
]
files = [
    {file = "QtAwesome-1.3.1-py3-none-any.whl", hash = "sha256:6078449035cd5311bc461e99940a426c27cb919fb4211c8cfc64506cb71e2dd7"},
    {file = "QtAwesome-1.3.1.tar.gz", hash = "sha256:075b2c9ee01cbaf5e3a4bebed0e5529ee8605981355f21dea051b15c1b869e1b"},
]

[[package]]
name = "qtpy"
version = "2.4.2"
requires_python = ">=3.7"
summary = "Provides an abstraction layer on top of the various Qt bindings (PyQt5/6 and PySide2/6)."
groups = ["default"]
dependencies = [
    "packaging",
]
files = [
    {file = "QtPy-2.4.2-py3-none-any.whl", hash = "sha256:5a696b1dd7a354cb330657da1d17c20c2190c72d4888ba923f8461da67aa1a1c"},
    {file = "qtpy-2.4.2.tar.gz", hash = "sha256:9d6ec91a587cc1495eaebd23130f7619afa5cdd34a277acb87735b4ad7c65156"},
]

[[package]]
name = "tomli"
version = "2.1.0"
requires_python = ">=3.8"
summary = "A lil' TOML parser"
groups = ["test"]
marker = "python_version < \"3.11\""
files = [
    {file = "tomli-2.1.0-py3-none-any.whl", hash = "sha256:a5c57c3d1c56f5ccdf89f6523458f60ef716e210fc47c4cfb188c5ba473e0391"},
    {file = "tomli-2.1.0.tar.gz", hash = "sha256:3f646cae2aec94e17d04973e4249548320197cfabdf130015d023de4b74d8ab8"},
]

[[package]]
name = "tqdm"
version = "4.67.0"
requires_python = ">=3.7"
summary = "Fast, Extensible Progress Meter"
groups = ["default"]
dependencies = [
    "colorama; platform_system == \"Windows\"",
]
files = [
    {file = "tqdm-4.67.0-py3-none-any.whl", hash = "sha256:0cd8af9d56911acab92182e88d763100d4788bdf421d251616040cc4d44863be"},
    {file = "tqdm-4.67.0.tar.gz", hash = "sha256:fe5a6f95e6fe0b9755e9469b77b9c3cf850048224ecaa8293d7d2d31f97d869a"},
]
