# This file is @generated by PDM.
# It is not intended for manual editing.

[metadata]
groups = ["default"]
strategy = ["cross_platform", "inherit_metadata"]
lock_version = "4.4.2"
content_hash = "sha256:d903166f0b9bd559dec7aa126cfba17c07d9b3388330fd1c2a1ed033d702e6a0"

[[package]]
name = "colorama"
version = "0.4.6"
requires_python = "!=3.0.*,!=3.1.*,!=3.2.*,!=3.3.*,!=3.4.*,!=3.5.*,!=3.6.*,>=2.7"
summary = "Cross-platform colored terminal text."
groups = ["default"]
marker = "platform_system == \"Windows\""
files = [
    {file = "colorama-0.4.6-py2.py3-none-any.whl", hash = "sha256:4f1d9991f5acc0ca119f9d443620b77f9d6b33703e51011c16baf57afb285fc6"},
    {file = "colorama-0.4.6.tar.gz", hash = "sha256:08695f5cb7ed6e0531a20572697297273c47b8cae5a63ffc6d6ed5c201be6e44"},
]

[[package]]
name = "future"
version = "1.0.0"
requires_python = ">=2.6, !=3.0.*, !=3.1.*, !=3.2.*"
summary = "Clean single-source support for Python 3 and 2"
groups = ["default"]
files = [
    {file = "future-1.0.0-py3-none-any.whl", hash = "sha256:929292d34f5872e70396626ef385ec22355a1fae8ad29e1a734c3e43f9fbc216"},
    {file = "future-1.0.0.tar.gz", hash = "sha256:bd2968309307861edae1458a4f8a4f3598c03be43b97521076aebf5d94c07b05"},
]

[[package]]
name = "h5py"
version = "3.11.0"
requires_python = ">=3.8"
summary = "Read and write HDF5 files from Python"
groups = ["default"]
dependencies = [
    "numpy>=1.17.3",
]
files = [
    {file = "h5py-3.11.0-cp310-cp310-macosx_10_9_x86_64.whl", hash = "sha256:1625fd24ad6cfc9c1ccd44a66dac2396e7ee74940776792772819fc69f3a3731"},
    {file = "h5py-3.11.0-cp310-cp310-macosx_11_0_arm64.whl", hash = "sha256:c072655ad1d5fe9ef462445d3e77a8166cbfa5e599045f8aa3c19b75315f10e5"},
    {file = "h5py-3.11.0-cp310-cp310-manylinux_2_17_x86_64.manylinux2014_x86_64.whl", hash = "sha256:77b19a40788e3e362b54af4dcf9e6fde59ca016db2c61360aa30b47c7b7cef00"},
    {file = "h5py-3.11.0-cp310-cp310-win_amd64.whl", hash = "sha256:ef4e2f338fc763f50a8113890f455e1a70acd42a4d083370ceb80c463d803972"},
    {file = "h5py-3.11.0-cp311-cp311-macosx_10_9_x86_64.whl", hash = "sha256:bbd732a08187a9e2a6ecf9e8af713f1d68256ee0f7c8b652a32795670fb481ba"},
    {file = "h5py-3.11.0-cp311-cp311-macosx_11_0_arm64.whl", hash = "sha256:75bd7b3d93fbeee40860fd70cdc88df4464e06b70a5ad9ce1446f5f32eb84007"},
    {file = "h5py-3.11.0-cp311-cp311-manylinux_2_17_x86_64.manylinux2014_x86_64.whl", hash = "sha256:52c416f8eb0daae39dabe71415cb531f95dce2d81e1f61a74537a50c63b28ab3"},
    {file = "h5py-3.11.0-cp311-cp311-win_amd64.whl", hash = "sha256:083e0329ae534a264940d6513f47f5ada617da536d8dccbafc3026aefc33c90e"},
    {file = "h5py-3.11.0-cp312-cp312-macosx_10_9_x86_64.whl", hash = "sha256:a76cae64080210389a571c7d13c94a1a6cf8cb75153044fd1f822a962c97aeab"},
    {file = "h5py-3.11.0-cp312-cp312-macosx_11_0_arm64.whl", hash = "sha256:f3736fe21da2b7d8a13fe8fe415f1272d2a1ccdeff4849c1421d2fb30fd533bc"},
    {file = "h5py-3.11.0-cp312-cp312-manylinux_2_17_x86_64.manylinux2014_x86_64.whl", hash = "sha256:aa6ae84a14103e8dc19266ef4c3e5d7c00b68f21d07f2966f0ca7bdb6c2761fb"},
    {file = "h5py-3.11.0-cp312-cp312-win_amd64.whl", hash = "sha256:21dbdc5343f53b2e25404673c4f00a3335aef25521bd5fa8c707ec3833934892"},
    {file = "h5py-3.11.0.tar.gz", hash = "sha256:7b7e8f78072a2edec87c9836f25f34203fd492a4475709a18b417a33cfb21fa9"},
]

[[package]]
name = "numpy"
version = "2.0.1"
requires_python = ">=3.9"
summary = "Fundamental package for array computing in Python"
groups = ["default"]
files = [
    {file = "numpy-2.0.1-cp310-cp310-macosx_10_9_x86_64.whl", hash = "sha256:0fbb536eac80e27a2793ffd787895242b7f18ef792563d742c2d673bfcb75134"},
    {file = "numpy-2.0.1-cp310-cp310-macosx_11_0_arm64.whl", hash = "sha256:69ff563d43c69b1baba77af455dd0a839df8d25e8590e79c90fcbe1499ebde42"},
    {file = "numpy-2.0.1-cp310-cp310-macosx_14_0_arm64.whl", hash = "sha256:1b902ce0e0a5bb7704556a217c4f63a7974f8f43e090aff03fcf262e0b135e02"},
    {file = "numpy-2.0.1-cp310-cp310-macosx_14_0_x86_64.whl", hash = "sha256:f1659887361a7151f89e79b276ed8dff3d75877df906328f14d8bb40bb4f5101"},
    {file = "numpy-2.0.1-cp310-cp310-manylinux_2_17_aarch64.manylinux2014_aarch64.whl", hash = "sha256:4658c398d65d1b25e1760de3157011a80375da861709abd7cef3bad65d6543f9"},
    {file = "numpy-2.0.1-cp310-cp310-manylinux_2_17_x86_64.manylinux2014_x86_64.whl", hash = "sha256:4127d4303b9ac9f94ca0441138acead39928938660ca58329fe156f84b9f3015"},
    {file = "numpy-2.0.1-cp310-cp310-musllinux_1_1_x86_64.whl", hash = "sha256:e5eeca8067ad04bc8a2a8731183d51d7cbaac66d86085d5f4766ee6bf19c7f87"},
    {file = "numpy-2.0.1-cp310-cp310-musllinux_1_2_aarch64.whl", hash = "sha256:9adbd9bb520c866e1bfd7e10e1880a1f7749f1f6e5017686a5fbb9b72cf69f82"},
    {file = "numpy-2.0.1-cp310-cp310-win32.whl", hash = "sha256:7b9853803278db3bdcc6cd5beca37815b133e9e77ff3d4733c247414e78eb8d1"},
    {file = "numpy-2.0.1-cp310-cp310-win_amd64.whl", hash = "sha256:81b0893a39bc5b865b8bf89e9ad7807e16717f19868e9d234bdaf9b1f1393868"},
    {file = "numpy-2.0.1-cp311-cp311-macosx_10_9_x86_64.whl", hash = "sha256:75b4e316c5902d8163ef9d423b1c3f2f6252226d1aa5cd8a0a03a7d01ffc6268"},
    {file = "numpy-2.0.1-cp311-cp311-macosx_11_0_arm64.whl", hash = "sha256:6e4eeb6eb2fced786e32e6d8df9e755ce5be920d17f7ce00bc38fcde8ccdbf9e"},
    {file = "numpy-2.0.1-cp311-cp311-macosx_14_0_arm64.whl", hash = "sha256:a1e01dcaab205fbece13c1410253a9eea1b1c9b61d237b6fa59bcc46e8e89343"},
    {file = "numpy-2.0.1-cp311-cp311-macosx_14_0_x86_64.whl", hash = "sha256:a8fc2de81ad835d999113ddf87d1ea2b0f4704cbd947c948d2f5513deafe5a7b"},
    {file = "numpy-2.0.1-cp311-cp311-manylinux_2_17_aarch64.manylinux2014_aarch64.whl", hash = "sha256:5a3d94942c331dd4e0e1147f7a8699a4aa47dffc11bf8a1523c12af8b2e91bbe"},
    {file = "numpy-2.0.1-cp311-cp311-manylinux_2_17_x86_64.manylinux2014_x86_64.whl", hash = "sha256:15eb4eca47d36ec3f78cde0a3a2ee24cf05ca7396ef808dda2c0ddad7c2bde67"},
    {file = "numpy-2.0.1-cp311-cp311-musllinux_1_1_x86_64.whl", hash = "sha256:b83e16a5511d1b1f8a88cbabb1a6f6a499f82c062a4251892d9ad5d609863fb7"},
    {file = "numpy-2.0.1-cp311-cp311-musllinux_1_2_aarch64.whl", hash = "sha256:1f87fec1f9bc1efd23f4227becff04bd0e979e23ca50cc92ec88b38489db3b55"},
    {file = "numpy-2.0.1-cp311-cp311-win32.whl", hash = "sha256:36d3a9405fd7c511804dc56fc32974fa5533bdeb3cd1604d6b8ff1d292b819c4"},
    {file = "numpy-2.0.1-cp311-cp311-win_amd64.whl", hash = "sha256:08458fbf403bff5e2b45f08eda195d4b0c9b35682311da5a5a0a0925b11b9bd8"},
    {file = "numpy-2.0.1-cp312-cp312-macosx_10_9_x86_64.whl", hash = "sha256:6bf4e6f4a2a2e26655717a1983ef6324f2664d7011f6ef7482e8c0b3d51e82ac"},
    {file = "numpy-2.0.1-cp312-cp312-macosx_11_0_arm64.whl", hash = "sha256:7d6fddc5fe258d3328cd8e3d7d3e02234c5d70e01ebe377a6ab92adb14039cb4"},
    {file = "numpy-2.0.1-cp312-cp312-macosx_14_0_arm64.whl", hash = "sha256:5daab361be6ddeb299a918a7c0864fa8618af66019138263247af405018b04e1"},
    {file = "numpy-2.0.1-cp312-cp312-macosx_14_0_x86_64.whl", hash = "sha256:ea2326a4dca88e4a274ba3a4405eb6c6467d3ffbd8c7d38632502eaae3820587"},
    {file = "numpy-2.0.1-cp312-cp312-manylinux_2_17_aarch64.manylinux2014_aarch64.whl", hash = "sha256:529af13c5f4b7a932fb0e1911d3a75da204eff023ee5e0e79c1751564221a5c8"},
    {file = "numpy-2.0.1-cp312-cp312-manylinux_2_17_x86_64.manylinux2014_x86_64.whl", hash = "sha256:6790654cb13eab303d8402354fabd47472b24635700f631f041bd0b65e37298a"},
    {file = "numpy-2.0.1-cp312-cp312-musllinux_1_1_x86_64.whl", hash = "sha256:cbab9fc9c391700e3e1287666dfd82d8666d10e69a6c4a09ab97574c0b7ee0a7"},
    {file = "numpy-2.0.1-cp312-cp312-musllinux_1_2_aarch64.whl", hash = "sha256:99d0d92a5e3613c33a5f01db206a33f8fdf3d71f2912b0de1739894668b7a93b"},
    {file = "numpy-2.0.1-cp312-cp312-win32.whl", hash = "sha256:173a00b9995f73b79eb0191129f2455f1e34c203f559dd118636858cc452a1bf"},
    {file = "numpy-2.0.1-cp312-cp312-win_amd64.whl", hash = "sha256:bb2124fdc6e62baae159ebcfa368708867eb56806804d005860b6007388df171"},
    {file = "numpy-2.0.1-pp39-pypy39_pp73-macosx_10_9_x86_64.whl", hash = "sha256:61728fba1e464f789b11deb78a57805c70b2ed02343560456190d0501ba37b0f"},
    {file = "numpy-2.0.1-pp39-pypy39_pp73-macosx_14_0_x86_64.whl", hash = "sha256:12f5d865d60fb9734e60a60f1d5afa6d962d8d4467c120a1c0cda6eb2964437d"},
    {file = "numpy-2.0.1-pp39-pypy39_pp73-manylinux_2_17_x86_64.manylinux2014_x86_64.whl", hash = "sha256:eacf3291e263d5a67d8c1a581a8ebbcfd6447204ef58828caf69a5e3e8c75990"},
    {file = "numpy-2.0.1-pp39-pypy39_pp73-win_amd64.whl", hash = "sha256:2c3a346ae20cfd80b6cfd3e60dc179963ef2ea58da5ec074fd3d9e7a1e7ba97f"},
    {file = "numpy-2.0.1.tar.gz", hash = "sha256:485b87235796410c3519a699cfe1faab097e509e90ebb05dcd098db2ae87e7b3"},
]

[[package]]
name = "packaging"
version = "24.1"
requires_python = ">=3.8"
summary = "Core utilities for Python packages"
groups = ["default"]
files = [
    {file = "packaging-24.1-py3-none-any.whl", hash = "sha256:5b8f2217dbdbd2f7f384c41c628544e6d52f2d0f53c6d0c3ea61aa5d1d7ff124"},
    {file = "packaging-24.1.tar.gz", hash = "sha256:026ed72c8ed3fcce5bf8950572258698927fd1dbda10a5e981cdf0ac37f4f002"},
]

[[package]]
name = "pycpd"
version = "2.0.0"
summary = "Pure Numpy Implementation of the Coherent Point Drift Algorithm"
groups = ["default"]
dependencies = [
    "future",
    "numpy",
]
files = [
    {file = "pycpd-2.0.0-py3-none-any.whl", hash = "sha256:c4d80a3db47919e27e3109e7f47cb41c442babced6f9126caa728bd18a28103a"},
    {file = "pycpd-2.0.0.tar.gz", hash = "sha256:d0ae86c8f490d10ea9ad1d6067891197f1d5e948f23dcb7a59aadaee9ece5c9e"},
]

[[package]]
name = "pyqtgraph"
version = "0.13.7"
requires_python = ">=3.9"
summary = "Scientific Graphics and GUI Library for Python"
groups = ["default"]
dependencies = [
    "numpy>=1.22.0",
]
files = [
    {file = "pyqtgraph-0.13.7-py3-none-any.whl", hash = "sha256:7754edbefb6c367fa0dfb176e2d0610da3ada20aa7a5318516c74af5fb72bf7a"},
    {file = "pyqtgraph-0.13.7.tar.gz", hash = "sha256:64f84f1935c6996d0e09b1ee66fe478a7771e3ca6f3aaa05f00f6e068321d9e3"},
]

[[package]]
name = "pystackreg"
version = "0.2.7"
summary = "Image registration tool (python implementation of the ImageJ/FIJI Plugin TurboReg/StackReg)"
groups = ["default"]
dependencies = [
    "numpy",
    "tqdm",
]
files = [
    {file = "pystackreg-0.2.7-cp310-cp310-macosx_10_9_x86_64.whl", hash = "sha256:54664e84d3cd613f8226f13809ebf4ed28301bed80ad938b830639dfa4d7d714"},
    {file = "pystackreg-0.2.7-cp310-cp310-manylinux_2_17_x86_64.manylinux2014_x86_64.whl", hash = "sha256:a0d74a1aaf94a137b3f4c61a42a81e0e4553dca2be4ad5c26f5d77c0c899a9ee"},
    {file = "pystackreg-0.2.7-cp310-cp310-manylinux_2_5_i686.manylinux1_i686.manylinux_2_17_i686.manylinux2014_i686.whl", hash = "sha256:76ec3f9be311ec980f06795088beaedeff2a73c2ad94c8ab62f2a06194d88fd2"},
    {file = "pystackreg-0.2.7-cp310-cp310-musllinux_1_1_i686.whl", hash = "sha256:a86ede4a49025837a693cd25d6f24068b3f7dfd96876c96c92748a353c150f2d"},
    {file = "pystackreg-0.2.7-cp310-cp310-musllinux_1_1_x86_64.whl", hash = "sha256:4bd5255f7bd08d622c470cefabb01ad5bb5011b6efeaac1b4acb837612d04c33"},
    {file = "pystackreg-0.2.7-cp310-cp310-win32.whl", hash = "sha256:ad777ed187db49066be94eecc54501e2f1ddba253a7e27808395673727fa230f"},
    {file = "pystackreg-0.2.7-cp310-cp310-win_amd64.whl", hash = "sha256:9971c796d969ac8b4099c5b33bce9e9495bcbe1a2ab949bbc4307f41ade3af81"},
    {file = "pystackreg-0.2.7-cp311-cp311-macosx_10_9_x86_64.whl", hash = "sha256:172325eb86a18c1b01d355abcae8bd283a017210de1eb00fe5f9dc4bb34ed89b"},
    {file = "pystackreg-0.2.7-cp311-cp311-manylinux_2_17_x86_64.manylinux2014_x86_64.whl", hash = "sha256:7f48ab87aed5899fdc3d19b1aec2c724232306f9f554c50a91481a116ae3e7e6"},
    {file = "pystackreg-0.2.7-cp311-cp311-manylinux_2_5_i686.manylinux1_i686.manylinux_2_17_i686.manylinux2014_i686.whl", hash = "sha256:a8d92b163a200d0887dca388f1c7fdb8d2c67fcd3759a8818f759f4ca3e4eabb"},
    {file = "pystackreg-0.2.7-cp311-cp311-musllinux_1_1_i686.whl", hash = "sha256:a769322ef45679f0f3a5c586dfac2cb0032c642fb5cb67d099a5abc8d0ac835a"},
    {file = "pystackreg-0.2.7-cp311-cp311-musllinux_1_1_x86_64.whl", hash = "sha256:2a81c586f591be678f9ccd6f65e3db7e8c803076708566904978d5add4f31ed9"},
    {file = "pystackreg-0.2.7-cp311-cp311-win32.whl", hash = "sha256:14d732973fded0918e6e7ffb8ab39cf785b212a2b3811a1da2b6d4a08ac05824"},
    {file = "pystackreg-0.2.7-cp311-cp311-win_amd64.whl", hash = "sha256:f0929d0f73579134219231c3c5430c27405524f45e313d8440ddb605e9fb64f2"},
    {file = "pystackreg-0.2.7.tar.gz", hash = "sha256:c3df8b42bb9f4d44ec7ba44b3c061d7ea7481ab62318c24a25ffdb22afbaf3ab"},
]

[[package]]
name = "qtawesome"
version = "1.3.1"
requires_python = ">=3.7"
summary = "FontAwesome icons in PyQt and PySide applications"
groups = ["default"]
dependencies = [
    "qtpy",
]
files = [
    {file = "QtAwesome-1.3.1-py3-none-any.whl", hash = "sha256:6078449035cd5311bc461e99940a426c27cb919fb4211c8cfc64506cb71e2dd7"},
    {file = "QtAwesome-1.3.1.tar.gz", hash = "sha256:075b2c9ee01cbaf5e3a4bebed0e5529ee8605981355f21dea051b15c1b869e1b"},
]

[[package]]
name = "qtpy"
version = "2.4.1"
requires_python = ">=3.7"
summary = "Provides an abstraction layer on top of the various Qt bindings (PyQt5/6 and PySide2/6)."
groups = ["default"]
dependencies = [
    "packaging",
]
files = [
    {file = "QtPy-2.4.1-py3-none-any.whl", hash = "sha256:1c1d8c4fa2c884ae742b069151b0abe15b3f70491f3972698c683b8e38de839b"},
    {file = "QtPy-2.4.1.tar.gz", hash = "sha256:a5a15ffd519550a1361bdc56ffc07fda56a6af7292f17c7b395d4083af632987"},
]

[[package]]
name = "tqdm"
version = "4.66.4"
requires_python = ">=3.7"
summary = "Fast, Extensible Progress Meter"
groups = ["default"]
dependencies = [
    "colorama; platform_system == \"Windows\"",
]
files = [
    {file = "tqdm-4.66.4-py3-none-any.whl", hash = "sha256:b75ca56b413b030bc3f00af51fd2c1a1a5eac6a0c1cca83cbb37a5c52abce644"},
    {file = "tqdm-4.66.4.tar.gz", hash = "sha256:e4d936c9de8727928f3be6079590e97d9abfe8d39a590be678eb5919ffc186bb"},
]
